
Microsoft Visual Studio Solution File, Format Version 12.00
# Visual Studio Version 17
VisualStudioVersion = 17.14.37012.4 d17.14
MinimumVisualStudioVersion = 10.0.40219.1
Project("{FAE04EC0-301F-11D3-BF4B-00C04F79EFBC}") = "ConsoleApp1", "ConsoleApp1\ConsoleApp1.csproj", "{BBB59BBC-A95B-4F51-8FD5-217293F50473}"
EndProject
Global
	GlobalSection(SolutionConfigurationPlatforms) = preSolution
		Debug|Any CPU = Debug|Any CPU
		Release|Any CPU = Release|Any CPU
	EndGlobalSection
	GlobalSection(ProjectConfigurationPlatforms) = postSolution
		{BBB59BBC-A95B-4F51-8FD5-217293F50473}.Debug|Any CPU.ActiveCfg = Debug|Any CPU
		{BBB59BBC-A95B-4F51-8FD5-217293F50473}.Debug|Any CPU.Build.0 = Debug|Any CPU
		{BBB59BBC-A95B-4F51-8FD5-217293F50473}.Release|Any CPU.ActiveCfg = Release|Any CPU
		{BBB59BBC-A95B-4F51-8FD5-217293F50473}.Release|Any CPU.Build.0 = Release|Any CPU
	EndGlobalSection
	GlobalSection(SolutionProperties) = preSolution
		HideSolutionNode = FALSE
	EndGlobalSection
	GlobalSection(ExtensibilityGlobals) = postSolution
		SolutionGuid = {32C20619-9C66-4C2F-8DA7-1DD5409288A1}
	EndGlobalSection
EndGlobal
