
Microsoft Visual Studio Solution File, Format Version 12.00
# Visual Studio Version 17
VisualStudioVersion = 17.10.35013.160
MinimumVisualStudioVersion = 10.0.40219.1
Project("{9A19103F-16F7-4668-BE54-9A1E7A4F7556}") = "Day5", "Day5.csproj", "{161C69F7-2907-4B5B-AEE2-80D9031645BF}"
EndProject
Global
	GlobalSection(SolutionConfigurationPlatforms) = preSolution
		Debug|Any CPU = Debug|Any CPU
		Release|Any CPU = Release|Any CPU
	EndGlobalSection
	GlobalSection(ProjectConfigurationPlatforms) = postSolution
		{161C69F7-2907-4B5B-AEE2-80D9031645BF}.Debug|Any CPU.ActiveCfg = Debug|Any CPU
		{161C69F7-2907-4B5B-AEE2-80D9031645BF}.Debug|Any CPU.Build.0 = Debug|Any CPU
		{161C69F7-2907-4B5B-AEE2-80D9031645BF}.Release|Any CPU.ActiveCfg = Release|Any CPU
		{161C69F7-2907-4B5B-AEE2-80D9031645BF}.Release|Any CPU.Build.0 = Release|Any CPU
	EndGlobalSection
	GlobalSection(SolutionProperties) = preSolution
		HideSolutionNode = FALSE
	EndGlobalSection
	GlobalSection(ExtensibilityGlobals) = postSolution
		SolutionGuid = {5A45995A-7D0C-4AD6-AAFD-10A0BCC5D3C8}
	EndGlobalSection
EndGlobal
